// !$*UTF8*$!
{
	archiveVersion = 1;
	classes = {
	};
	objectVersion = 50;
	objects = {

/* Begin PBXBuildFile section */
		113444682148F539001D3046 /* AppDelegate.m in Sources */ = {isa = PBXBuildFile; fileRef = 113444672148F539001D3046 /* AppDelegate.m */; };
		113444702148F545001D3046 /* Assets.xcassets in Resources */ = {isa = PBXBuildFile; fileRef = 1134446F2148F545001D3046 /* Assets.xcassets */; };
		113444762148F545001D3046 /* main.m in Sources */ = {isa = PBXBuildFile; fileRef = 113444752148F545001D3046 /* main.m */; };
		114C2AD2214904A300F71482 /* V2RootViewController.m in Sources */ = {isa = PBXBuildFile; fileRef = 114C2AD1214904A300F71482 /* V2RootViewController.m */; };
		11C33577214D2956009D3CE1 /* QHNavigationController.m in Sources */ = {isa = PBXBuildFile; fileRef = 11C33576214D2956009D3CE1 /* QHNavigationController.m */; };
		11C33580214D2B97009D3CE1 /* QHViewController+NaviBar.m in Sources */ = {isa = PBXBuildFile; fileRef = 11C3357F214D2B97009D3CE1 /* QHViewController+NaviBar.m */; };
		11C33583214D2C51009D3CE1 /* QHNavigationItem.m in Sources */ = {isa = PBXBuildFile; fileRef = 11C33582214D2C51009D3CE1 /* QHNavigationItem.m */; };
		11C33586214D2C71009D3CE1 /* QHBarButtonItem.m in Sources */ = {isa = PBXBuildFile; fileRef = 11C33585214D2C71009D3CE1 /* QHBarButtonItem.m */; };
		11C3358B214D354A009D3CE1 /* QHNavigationBar.m in Sources */ = {isa = PBXBuildFile; fileRef = 11C3358A214D354A009D3CE1 /* QHNavigationBar.m */; };
		11C33590214D38E0009D3CE1 /* UIView+SafeArea.m in Sources */ = {isa = PBXBuildFile; fileRef = 11C3358F214D38E0009D3CE1 /* UIView+SafeArea.m */; };
		11C33594214D3B7F009D3CE1 /* QHSettingManager.m in Sources */ = {isa = PBXBuildFile; fileRef = 11C33593214D3B7F009D3CE1 /* QHSettingManager.m */; };
		11C33599214E0C10009D3CE1 /* QHCategoriesViewController.m in Sources */ = {isa = PBXBuildFile; fileRef = 11C33598214E0C10009D3CE1 /* QHCategoriesViewController.m */; };
		11C3359C214E0C2B009D3CE1 /* QHTopicViewController.m in Sources */ = {isa = PBXBuildFile; fileRef = 11C3359B214E0C2B009D3CE1 /* QHTopicViewController.m */; };
		11C3359F214E403E009D3CE1 /* QHNavigationPushAnimation.m in Sources */ = {isa = PBXBuildFile; fileRef = 11C3359E214E403E009D3CE1 /* QHNavigationPushAnimation.m */; };
		11C335A2214E4081009D3CE1 /* QHNavigationPopAnimation.m in Sources */ = {isa = PBXBuildFile; fileRef = 11C335A1214E4081009D3CE1 /* QHNavigationPopAnimation.m */; };
		11DB38CB216DF97200E63924 /* UIImage+Tint.m in Sources */ = {isa = PBXBuildFile; fileRef = 11DB38CA216DF97200E63924 /* UIImage+Tint.m */; };
		11DB38D0216F0CC200E63924 /* EXTScope.m in Sources */ = {isa = PBXBuildFile; fileRef = 11DB38CE216F0CC200E63924 /* EXTScope.m */; };
		11DB38D5216F1D0E00E63924 /* QHMenuView.m in Sources */ = {isa = PBXBuildFile; fileRef = 11DB38D4216F1D0E00E63924 /* QHMenuView.m */; };
		11DB38D8216F2C6900E63924 /* QHMenuSectionView.m in Sources */ = {isa = PBXBuildFile; fileRef = 11DB38D7216F2C6900E63924 /* QHMenuSectionView.m */; };
		11DB38DB216F341200E63924 /* QHMenuSectionCell.m in Sources */ = {isa = PBXBuildFile; fileRef = 11DB38DA216F341200E63924 /* QHMenuSectionCell.m */; };
		11DED600217051B200B832C2 /* SCPullRefreshViewController.m in Sources */ = {isa = PBXBuildFile; fileRef = 11DED5FD217051B200B832C2 /* SCPullRefreshViewController.m */; };
		11DED601217051B200B832C2 /* SCAnimationView.m in Sources */ = {isa = PBXBuildFile; fileRef = 11DED5FE217051B200B832C2 /* SCAnimationView.m */; };
		11DED605217051F800B832C2 /* CAAnimation+Blocks.m in Sources */ = {isa = PBXBuildFile; fileRef = 11DED603217051F700B832C2 /* CAAnimation+Blocks.m */; };
		11DED60821705A8B00B832C2 /* QHSubMenuSectionView.m in Sources */ = {isa = PBXBuildFile; fileRef = 11DED60721705A8B00B832C2 /* QHSubMenuSectionView.m */; };
		11DED60B21705C2400B832C2 /* QHSubMenuSectionCell.m in Sources */ = {isa = PBXBuildFile; fileRef = 11DED60A21705C2400B832C2 /* QHSubMenuSectionCell.m */; };
		11DED60E2170988500B832C2 /* QHDataManager.m in Sources */ = {isa = PBXBuildFile; fileRef = 11DED60D2170988500B832C2 /* QHDataManager.m */; };
		D10D2B94C6AC0F7BEC76A866 /* libPods-v2exnew.a in Frameworks */ = {isa = PBXBuildFile; fileRef = E1E26836E5432C3BB567B09B /* libPods-v2exnew.a */; };
/* End PBXBuildFile section */

/* Begin PBXFileReference section */
		113444632148F539001D3046 /* v2exnew.app */ = {isa = PBXFileReference; explicitFileType = wrapper.application; includeInIndex = 0; path = v2exnew.app; sourceTree = BUILT_PRODUCTS_DIR; };
		113444662148F539001D3046 /* AppDelegate.h */ = {isa = PBXFileReference; lastKnownFileType = sourcecode.c.h; path = AppDelegate.h; sourceTree = "<group>"; };
		113444672148F539001D3046 /* AppDelegate.m */ = {isa = PBXFileReference; lastKnownFileType = sourcecode.c.objc; path = AppDelegate.m; sourceTree = "<group>"; };
		1134446F2148F545001D3046 /* Assets.xcassets */ = {isa = PBXFileReference; lastKnownFileType = folder.assetcatalog; path = Assets.xcassets; sourceTree = "<group>"; };
		113444742148F545001D3046 /* Info.plist */ = {isa = PBXFileReference; lastKnownFileType = text.plist.xml; path = Info.plist; sourceTree = "<group>"; };
		113444752148F545001D3046 /* main.m */ = {isa = PBXFileReference; lastKnownFileType = sourcecode.c.objc; path = main.m; sourceTree = "<group>"; };
		114C2AD0214904A300F71482 /* V2RootViewController.h */ = {isa = PBXFileReference; lastKnownFileType = sourcecode.c.h; path = V2RootViewController.h; sourceTree = "<group>"; };
		114C2AD1214904A300F71482 /* V2RootViewController.m */ = {isa = PBXFileReference; lastKnownFileType = sourcecode.c.objc; path = V2RootViewController.m; sourceTree = "<group>"; };
		11C33575214D2956009D3CE1 /* QHNavigationController.h */ = {isa = PBXFileReference; lastKnownFileType = sourcecode.c.h; path = QHNavigationController.h; sourceTree = "<group>"; };
		11C33576214D2956009D3CE1 /* QHNavigationController.m */ = {isa = PBXFileReference; lastKnownFileType = sourcecode.c.objc; path = QHNavigationController.m; sourceTree = "<group>"; };
		11C3357E214D2B97009D3CE1 /* QHViewController+NaviBar.h */ = {isa = PBXFileReference; lastKnownFileType = sourcecode.c.h; path = "QHViewController+NaviBar.h"; sourceTree = "<group>"; };
		11C3357F214D2B97009D3CE1 /* QHViewController+NaviBar.m */ = {isa = PBXFileReference; lastKnownFileType = sourcecode.c.objc; path = "QHViewController+NaviBar.m"; sourceTree = "<group>"; };
		11C33581214D2C51009D3CE1 /* QHNavigationItem.h */ = {isa = PBXFileReference; lastKnownFileType = sourcecode.c.h; path = QHNavigationItem.h; sourceTree = "<group>"; };
		11C33582214D2C51009D3CE1 /* QHNavigationItem.m */ = {isa = PBXFileReference; lastKnownFileType = sourcecode.c.objc; path = QHNavigationItem.m; sourceTree = "<group>"; };
		11C33584214D2C71009D3CE1 /* QHBarButtonItem.h */ = {isa = PBXFileReference; lastKnownFileType = sourcecode.c.h; path = QHBarButtonItem.h; sourceTree = "<group>"; };
		11C33585214D2C71009D3CE1 /* QHBarButtonItem.m */ = {isa = PBXFileReference; lastKnownFileType = sourcecode.c.objc; path = QHBarButtonItem.m; sourceTree = "<group>"; };
		11C33587214D2D9E009D3CE1 /* v2ex-new-Prefix.pch */ = {isa = PBXFileReference; lastKnownFileType = sourcecode.c.h; path = "v2ex-new-Prefix.pch"; sourceTree = "<group>"; };
		11C33588214D350A009D3CE1 /* QHNavigation.h */ = {isa = PBXFileReference; lastKnownFileType = sourcecode.c.h; path = QHNavigation.h; sourceTree = "<group>"; };
		11C33589214D354A009D3CE1 /* QHNavigationBar.h */ = {isa = PBXFileReference; lastKnownFileType = sourcecode.c.h; path = QHNavigationBar.h; sourceTree = "<group>"; };
		11C3358A214D354A009D3CE1 /* QHNavigationBar.m */ = {isa = PBXFileReference; lastKnownFileType = sourcecode.c.objc; path = QHNavigationBar.m; sourceTree = "<group>"; };
		11C3358E214D38E0009D3CE1 /* UIView+SafeArea.h */ = {isa = PBXFileReference; lastKnownFileType = sourcecode.c.h; path = "UIView+SafeArea.h"; sourceTree = "<group>"; };
		11C3358F214D38E0009D3CE1 /* UIView+SafeArea.m */ = {isa = PBXFileReference; lastKnownFileType = sourcecode.c.objc; path = "UIView+SafeArea.m"; sourceTree = "<group>"; };
		11C33592214D3B7F009D3CE1 /* QHSettingManager.h */ = {isa = PBXFileReference; lastKnownFileType = sourcecode.c.h; path = QHSettingManager.h; sourceTree = "<group>"; };
		11C33593214D3B7F009D3CE1 /* QHSettingManager.m */ = {isa = PBXFileReference; lastKnownFileType = sourcecode.c.objc; path = QHSettingManager.m; sourceTree = "<group>"; };
		11C33597214E0C10009D3CE1 /* QHCategoriesViewController.h */ = {isa = PBXFileReference; lastKnownFileType = sourcecode.c.h; path = QHCategoriesViewController.h; sourceTree = "<group>"; };
		11C33598214E0C10009D3CE1 /* QHCategoriesViewController.m */ = {isa = PBXFileReference; lastKnownFileType = sourcecode.c.objc; path = QHCategoriesViewController.m; sourceTree = "<group>"; };
		11C3359A214E0C2B009D3CE1 /* QHTopicViewController.h */ = {isa = PBXFileReference; lastKnownFileType = sourcecode.c.h; path = QHTopicViewController.h; sourceTree = "<group>"; };
		11C3359B214E0C2B009D3CE1 /* QHTopicViewController.m */ = {isa = PBXFileReference; lastKnownFileType = sourcecode.c.objc; path = QHTopicViewController.m; sourceTree = "<group>"; };
		11C3359D214E403E009D3CE1 /* QHNavigationPushAnimation.h */ = {isa = PBXFileReference; lastKnownFileType = sourcecode.c.h; path = QHNavigationPushAnimation.h; sourceTree = "<group>"; };
		11C3359E214E403E009D3CE1 /* QHNavigationPushAnimation.m */ = {isa = PBXFileReference; lastKnownFileType = sourcecode.c.objc; path = QHNavigationPushAnimation.m; sourceTree = "<group>"; };
		11C335A0214E4081009D3CE1 /* QHNavigationPopAnimation.h */ = {isa = PBXFileReference; lastKnownFileType = sourcecode.c.h; path = QHNavigationPopAnimation.h; sourceTree = "<group>"; };
		11C335A1214E4081009D3CE1 /* QHNavigationPopAnimation.m */ = {isa = PBXFileReference; lastKnownFileType = sourcecode.c.objc; path = QHNavigationPopAnimation.m; sourceTree = "<group>"; };
		11DB38C9216DF97200E63924 /* UIImage+Tint.h */ = {isa = PBXFileReference; lastKnownFileType = sourcecode.c.h; path = "UIImage+Tint.h"; sourceTree = "<group>"; };
		11DB38CA216DF97200E63924 /* UIImage+Tint.m */ = {isa = PBXFileReference; lastKnownFileType = sourcecode.c.objc; path = "UIImage+Tint.m"; sourceTree = "<group>"; };
		11DB38CD216F0CC100E63924 /* EXTScope.h */ = {isa = PBXFileReference; fileEncoding = 4; lastKnownFileType = sourcecode.c.h; path = EXTScope.h; sourceTree = "<group>"; };
		11DB38CE216F0CC200E63924 /* EXTScope.m */ = {isa = PBXFileReference; fileEncoding = 4; lastKnownFileType = sourcecode.c.objc; path = EXTScope.m; sourceTree = "<group>"; };
		11DB38CF216F0CC200E63924 /* metamacros.h */ = {isa = PBXFileReference; fileEncoding = 4; lastKnownFileType = sourcecode.c.h; path = metamacros.h; sourceTree = "<group>"; };
		11DB38D3216F1D0E00E63924 /* QHMenuView.h */ = {isa = PBXFileReference; lastKnownFileType = sourcecode.c.h; path = QHMenuView.h; sourceTree = "<group>"; };
		11DB38D4216F1D0E00E63924 /* QHMenuView.m */ = {isa = PBXFileReference; lastKnownFileType = sourcecode.c.objc; path = QHMenuView.m; sourceTree = "<group>"; };
		11DB38D6216F2C6900E63924 /* QHMenuSectionView.h */ = {isa = PBXFileReference; lastKnownFileType = sourcecode.c.h; path = QHMenuSectionView.h; sourceTree = "<group>"; };
		11DB38D7216F2C6900E63924 /* QHMenuSectionView.m */ = {isa = PBXFileReference; lastKnownFileType = sourcecode.c.objc; path = QHMenuSectionView.m; sourceTree = "<group>"; };
		11DB38D9216F341200E63924 /* QHMenuSectionCell.h */ = {isa = PBXFileReference; lastKnownFileType = sourcecode.c.h; path = QHMenuSectionCell.h; sourceTree = "<group>"; };
		11DB38DA216F341200E63924 /* QHMenuSectionCell.m */ = {isa = PBXFileReference; lastKnownFileType = sourcecode.c.objc; path = QHMenuSectionCell.m; sourceTree = "<group>"; };
		11DED5FC217051B200B832C2 /* SCAnimationView.h */ = {isa = PBXFileReference; fileEncoding = 4; lastKnownFileType = sourcecode.c.h; path = SCAnimationView.h; sourceTree = "<group>"; };
		11DED5FD217051B200B832C2 /* SCPullRefreshViewController.m */ = {isa = PBXFileReference; fileEncoding = 4; lastKnownFileType = sourcecode.c.objc; path = SCPullRefreshViewController.m; sourceTree = "<group>"; };
		11DED5FE217051B200B832C2 /* SCAnimationView.m */ = {isa = PBXFileReference; fileEncoding = 4; lastKnownFileType = sourcecode.c.objc; path = SCAnimationView.m; sourceTree = "<group>"; };
		11DED5FF217051B200B832C2 /* SCPullRefreshViewController.h */ = {isa = PBXFileReference; fileEncoding = 4; lastKnownFileType = sourcecode.c.h; path = SCPullRefreshViewController.h; sourceTree = "<group>"; };
		11DED603217051F700B832C2 /* CAAnimation+Blocks.m */ = {isa = PBXFileReference; fileEncoding = 4; lastKnownFileType = sourcecode.c.objc; path = "CAAnimation+Blocks.m"; sourceTree = "<group>"; };
		11DED604217051F700B832C2 /* CAAnimation+Blocks.h */ = {isa = PBXFileReference; fileEncoding = 4; lastKnownFileType = sourcecode.c.h; path = "CAAnimation+Blocks.h"; sourceTree = "<group>"; };
		11DED60621705A8B00B832C2 /* QHSubMenuSectionView.h */ = {isa = PBXFileReference; lastKnownFileType = sourcecode.c.h; path = QHSubMenuSectionView.h; sourceTree = "<group>"; };
		11DED60721705A8B00B832C2 /* QHSubMenuSectionView.m */ = {isa = PBXFileReference; lastKnownFileType = sourcecode.c.objc; path = QHSubMenuSectionView.m; sourceTree = "<group>"; };
		11DED60921705C2400B832C2 /* QHSubMenuSectionCell.h */ = {isa = PBXFileReference; lastKnownFileType = sourcecode.c.h; path = QHSubMenuSectionCell.h; sourceTree = "<group>"; };
		11DED60A21705C2400B832C2 /* QHSubMenuSectionCell.m */ = {isa = PBXFileReference; lastKnownFileType = sourcecode.c.objc; path = QHSubMenuSectionCell.m; sourceTree = "<group>"; };
		11DED60C2170988500B832C2 /* QHDataManager.h */ = {isa = PBXFileReference; lastKnownFileType = sourcecode.c.h; path = QHDataManager.h; sourceTree = "<group>"; };
		11DED60D2170988500B832C2 /* QHDataManager.m */ = {isa = PBXFileReference; lastKnownFileType = sourcecode.c.objc; path = QHDataManager.m; sourceTree = "<group>"; };
		7BEFEFCDBDD025EEB72EEF59 /* Pods-v2exnew.debug.xcconfig */ = {isa = PBXFileReference; includeInIndex = 1; lastKnownFileType = text.xcconfig; name = "Pods-v2exnew.debug.xcconfig"; path = "Pods/Target Support Files/Pods-v2exnew/Pods-v2exnew.debug.xcconfig"; sourceTree = "<group>"; };
		8ADA0D8BE6493C90151FC7D5 /* Pods-v2exnew.release.xcconfig */ = {isa = PBXFileReference; includeInIndex = 1; lastKnownFileType = text.xcconfig; name = "Pods-v2exnew.release.xcconfig"; path = "Pods/Target Support Files/Pods-v2exnew/Pods-v2exnew.release.xcconfig"; sourceTree = "<group>"; };
		E1E26836E5432C3BB567B09B /* libPods-v2exnew.a */ = {isa = PBXFileReference; explicitFileType = archive.ar; includeInIndex = 0; path = "libPods-v2exnew.a"; sourceTree = BUILT_PRODUCTS_DIR; };
/* End PBXFileReference section */

/* Begin PBXFrameworksBuildPhase section */
		113444602148F539001D3046 /* Frameworks */ = {
			isa = PBXFrameworksBuildPhase;
			buildActionMask = 2147483647;
			files = (
				D10D2B94C6AC0F7BEC76A866 /* libPods-v2exnew.a in Frameworks */,
			);
			runOnlyForDeploymentPostprocessing = 0;
		};
/* End PBXFrameworksBuildPhase section */

/* Begin PBXGroup section */
		1134445A2148F539001D3046 = {
			isa = PBXGroup;
			children = (
				113444652148F539001D3046 /* v2exnew */,
				113444642148F539001D3046 /* Products */,
				C185D3D846F2BB4DE1CD96F7 /* Pods */,
				3A3313AC21317C048EC2574E /* Frameworks */,
			);
			sourceTree = "<group>";
		};
		113444642148F539001D3046 /* Products */ = {
			isa = PBXGroup;
			children = (
				113444632148F539001D3046 /* v2exnew.app */,
			);
			name = Products;
			sourceTree = "<group>";
		};
		113444652148F539001D3046 /* v2exnew */ = {
			isa = PBXGroup;
			children = (
				11DB38D1216F1CBA00E63924 /* Views */,
				11C33591214D3B53009D3CE1 /* Managers */,
				11C33573214D2900009D3CE1 /* Additions */,
				114C2ACF2149045900F71482 /* Controllers */,
				1134447D21490316001D3046 /* Supporting Files */,
				1134446F2148F545001D3046 /* Assets.xcassets */,
			);
			path = v2exnew;
			sourceTree = "<group>";
		};
		1134447D21490316001D3046 /* Supporting Files */ = {
			isa = PBXGroup;
			children = (
				113444662148F539001D3046 /* AppDelegate.h */,
				113444672148F539001D3046 /* AppDelegate.m */,
				113444742148F545001D3046 /* Info.plist */,
				113444752148F545001D3046 /* main.m */,
				11C33587214D2D9E009D3CE1 /* v2ex-new-Prefix.pch */,
			);
			name = "Supporting Files";
			sourceTree = "<group>";
		};
		114C2ACF2149045900F71482 /* Controllers */ = {
			isa = PBXGroup;
			children = (
				114C2AD0214904A300F71482 /* V2RootViewController.h */,
				114C2AD1214904A300F71482 /* V2RootViewController.m */,
				11C33595214E0BAD009D3CE1 /* Sections */,
				11C33596214E0BB6009D3CE1 /* Contents */,
			);
			path = Controllers;
			sourceTree = "<group>";
		};
		11C33573214D2900009D3CE1 /* Additions */ = {
			isa = PBXGroup;
			children = (
				11DED5FB2170518700B832C2 /* SCPullRefresh */,
				11DB38CC216F0C9A00E63924 /* EXTScope */,
				11DB38C8216DF94D00E63924 /* Helpers */,
				11C3358C214D38B2009D3CE1 /* Categories */,
				11C33574214D290D009D3CE1 /* QHNavigation */,
			);
			path = Additions;
			sourceTree = "<group>";
		};
		11C33574214D290D009D3CE1 /* QHNavigation */ = {
			isa = PBXGroup;
			children = (
				11C335A0214E4081009D3CE1 /* QHNavigationPopAnimation.h */,
				11C335A1214E4081009D3CE1 /* QHNavigationPopAnimation.m */,
				11C3359D214E403E009D3CE1 /* QHNavigationPushAnimation.h */,
				11C3359E214E403E009D3CE1 /* QHNavigationPushAnimation.m */,
				11C33575214D2956009D3CE1 /* QHNavigationController.h */,
				11C33576214D2956009D3CE1 /* QHNavigationController.m */,
				11C3357E214D2B97009D3CE1 /* QHViewController+NaviBar.h */,
				11C3357F214D2B97009D3CE1 /* QHViewController+NaviBar.m */,
				11C33581214D2C51009D3CE1 /* QHNavigationItem.h */,
				11C33582214D2C51009D3CE1 /* QHNavigationItem.m */,
				11C33584214D2C71009D3CE1 /* QHBarButtonItem.h */,
				11C33585214D2C71009D3CE1 /* QHBarButtonItem.m */,
				11C33588214D350A009D3CE1 /* QHNavigation.h */,
				11C33589214D354A009D3CE1 /* QHNavigationBar.h */,
				11C3358A214D354A009D3CE1 /* QHNavigationBar.m */,
			);
			path = QHNavigation;
			sourceTree = "<group>";
		};
		11C3358C214D38B2009D3CE1 /* Categories */ = {
			isa = PBXGroup;
			children = (
				11C3358E214D38E0009D3CE1 /* UIView+SafeArea.h */,
				11C3358F214D38E0009D3CE1 /* UIView+SafeArea.m */,
			);
			path = Categories;
			sourceTree = "<group>";
		};
		11C33591214D3B53009D3CE1 /* Managers */ = {
			isa = PBXGroup;
			children = (
				11C33592214D3B7F009D3CE1 /* QHSettingManager.h */,
				11C33593214D3B7F009D3CE1 /* QHSettingManager.m */,
				11DED60C2170988500B832C2 /* QHDataManager.h */,
				11DED60D2170988500B832C2 /* QHDataManager.m */,
			);
			path = Managers;
			sourceTree = "<group>";
		};
		11C33595214E0BAD009D3CE1 /* Sections */ = {
			isa = PBXGroup;
			children = (
				11C33597214E0C10009D3CE1 /* QHCategoriesViewController.h */,
				11C33598214E0C10009D3CE1 /* QHCategoriesViewController.m */,
			);
			path = Sections;
			sourceTree = "<group>";
		};
		11C33596214E0BB6009D3CE1 /* Contents */ = {
			isa = PBXGroup;
			children = (
				11C3359A214E0C2B009D3CE1 /* QHTopicViewController.h */,
				11C3359B214E0C2B009D3CE1 /* QHTopicViewController.m */,
			);
			path = Contents;
			sourceTree = "<group>";
		};
		11DB38C8216DF94D00E63924 /* Helpers */ = {
			isa = PBXGroup;
			children = (
				11DB38C9216DF97200E63924 /* UIImage+Tint.h */,
				11DB38CA216DF97200E63924 /* UIImage+Tint.m */,
			);
			path = Helpers;
			sourceTree = "<group>";
		};
		11DB38CC216F0C9A00E63924 /* EXTScope */ = {
			isa = PBXGroup;
			children = (
				11DB38CD216F0CC100E63924 /* EXTScope.h */,
				11DB38CE216F0CC200E63924 /* EXTScope.m */,
				11DB38CF216F0CC200E63924 /* metamacros.h */,
			);
			path = EXTScope;
			sourceTree = "<group>";
		};
		11DB38D1216F1CBA00E63924 /* Views */ = {
			isa = PBXGroup;
			children = (
				11DB38D2216F1CCF00E63924 /* Menu */,
			);
			path = Views;
			sourceTree = "<group>";
		};
		11DB38D2216F1CCF00E63924 /* Menu */ = {
			isa = PBXGroup;
			children = (
				11DB38D3216F1D0E00E63924 /* QHMenuView.h */,
				11DB38D4216F1D0E00E63924 /* QHMenuView.m */,
				11DB38D6216F2C6900E63924 /* QHMenuSectionView.h */,
				11DB38D7216F2C6900E63924 /* QHMenuSectionView.m */,
				11DB38D9216F341200E63924 /* QHMenuSectionCell.h */,
				11DB38DA216F341200E63924 /* QHMenuSectionCell.m */,
				11DED60621705A8B00B832C2 /* QHSubMenuSectionView.h */,
				11DED60721705A8B00B832C2 /* QHSubMenuSectionView.m */,
				11DED60921705C2400B832C2 /* QHSubMenuSectionCell.h */,
				11DED60A21705C2400B832C2 /* QHSubMenuSectionCell.m */,
			);
			path = Menu;
			sourceTree = "<group>";
		};
		11DED5FB2170518700B832C2 /* SCPullRefresh */ = {
			isa = PBXGroup;
			children = (
				11DED602217051DB00B832C2 /* CAAnimationView */,
				11DED5FC217051B200B832C2 /* SCAnimationView.h */,
				11DED5FE217051B200B832C2 /* SCAnimationView.m */,
				11DED5FF217051B200B832C2 /* SCPullRefreshViewController.h */,
				11DED5FD217051B200B832C2 /* SCPullRefreshViewController.m */,
			);
			path = SCPullRefresh;
			sourceTree = "<group>";
		};
		11DED602217051DB00B832C2 /* CAAnimationView */ = {
			isa = PBXGroup;
			children = (
				11DED604217051F700B832C2 /* CAAnimation+Blocks.h */,
				11DED603217051F700B832C2 /* CAAnimation+Blocks.m */,
			);
			path = CAAnimationView;
			sourceTree = "<group>";
		};
		3A3313AC21317C048EC2574E /* Frameworks */ = {
			isa = PBXGroup;
			children = (
				E1E26836E5432C3BB567B09B /* libPods-v2exnew.a */,
			);
			name = Frameworks;
			sourceTree = "<group>";
		};
		C185D3D846F2BB4DE1CD96F7 /* Pods */ = {
			isa = PBXGroup;
			children = (
				7BEFEFCDBDD025EEB72EEF59 /* Pods-v2exnew.debug.xcconfig */,
				8ADA0D8BE6493C90151FC7D5 /* Pods-v2exnew.release.xcconfig */,
			);
			name = Pods;
			sourceTree = "<group>";
		};
/* End PBXGroup section */

/* Begin PBXNativeTarget section */
		113444622148F539001D3046 /* v2exnew */ = {
			isa = PBXNativeTarget;
			buildConfigurationList = 113444792148F545001D3046 /* Build configuration list for PBXNativeTarget "v2exnew" */;
			buildPhases = (
				04DB332D950BEEC2845B4F47 /* [CP] Check Pods Manifest.lock */,
				1134445F2148F539001D3046 /* Sources */,
				113444602148F539001D3046 /* Frameworks */,
				113444612148F539001D3046 /* Resources */,
			);
			buildRules = (
			);
			dependencies = (
			);
			name = v2exnew;
			productName = v2exnew;
			productReference = 113444632148F539001D3046 /* v2exnew.app */;
			productType = "com.apple.product-type.application";
		};
/* End PBXNativeTarget section */

/* Begin PBXProject section */
		1134445B2148F539001D3046 /* Project object */ = {
			isa = PBXProject;
			attributes = {
				LastUpgradeCheck = 0940;
				ORGANIZATIONNAME = pengquanhua;
				TargetAttributes = {
					113444622148F539001D3046 = {
						CreatedOnToolsVersion = 9.4.1;
					};
				};
			};
			buildConfigurationList = 1134445E2148F539001D3046 /* Build configuration list for PBXProject "v2exnew" */;
			compatibilityVersion = "Xcode 9.3";
			developmentRegion = en;
			hasScannedForEncodings = 0;
			knownRegions = (
				en,
				Base,
			);
			mainGroup = 1134445A2148F539001D3046;
			productRefGroup = 113444642148F539001D3046 /* Products */;
			projectDirPath = "";
			projectRoot = "";
			targets = (
				113444622148F539001D3046 /* v2exnew */,
			);
		};
/* End PBXProject section */

/* Begin PBXResourcesBuildPhase section */
		113444612148F539001D3046 /* Resources */ = {
			isa = PBXResourcesBuildPhase;
			buildActionMask = 2147483647;
			files = (
				113444702148F545001D3046 /* Assets.xcassets in Resources */,
			);
			runOnlyForDeploymentPostprocessing = 0;
		};
/* End PBXResourcesBuildPhase section */

/* Begin PBXShellScriptBuildPhase section */
		04DB332D950BEEC2845B4F47 /* [CP] Check Pods Manifest.lock */ = {
			isa = PBXShellScriptBuildPhase;
			buildActionMask = 2147483647;
			files = (
			);
			inputPaths = (
				"${PODS_PODFILE_DIR_PATH}/Podfile.lock",
				"${PODS_ROOT}/Manifest.lock",
			);
			name = "[CP] Check Pods Manifest.lock";
			outputPaths = (
				"$(DERIVED_FILE_DIR)/Pods-v2exnew-checkManifestLockResult.txt",
			);
			runOnlyForDeploymentPostprocessing = 0;
			shellPath = /bin/sh;
			shellScript = "diff \"${PODS_PODFILE_DIR_PATH}/Podfile.lock\" \"${PODS_ROOT}/Manifest.lock\" > /dev/null\nif [ $? != 0 ] ; then\n    # print error to STDERR\n    echo \"error: The sandbox is not in sync with the Podfile.lock. Run 'pod install' or update your CocoaPods installation.\" >&2\n    exit 1\nfi\n# This output is used by Xcode 'outputs' to avoid re-running this script phase.\necho \"SUCCESS\" > \"${SCRIPT_OUTPUT_FILE_0}\"\n";
			showEnvVarsInLog = 0;
		};
/* End PBXShellScriptBuildPhase section */

/* Begin PBXSourcesBuildPhase section */
		1134445F2148F539001D3046 /* Sources */ = {
			isa = PBXSourcesBuildPhase;
			buildActionMask = 2147483647;
			files = (
				11DB38D0216F0CC200E63924 /* EXTScope.m in Sources */,
				11C33590214D38E0009D3CE1 /* UIView+SafeArea.m in Sources */,
				11DED60E2170988500B832C2 /* QHDataManager.m in Sources */,
				11DB38DB216F341200E63924 /* QHMenuSectionCell.m in Sources */,
				11C33586214D2C71009D3CE1 /* QHBarButtonItem.m in Sources */,
				11C33580214D2B97009D3CE1 /* QHViewController+NaviBar.m in Sources */,
				11DED600217051B200B832C2 /* SCPullRefreshViewController.m in Sources */,
				11C3358B214D354A009D3CE1 /* QHNavigationBar.m in Sources */,
				11C33577214D2956009D3CE1 /* QHNavigationController.m in Sources */,
				11DB38D8216F2C6900E63924 /* QHMenuSectionView.m in Sources */,
				11C335A2214E4081009D3CE1 /* QHNavigationPopAnimation.m in Sources */,
				11C3359F214E403E009D3CE1 /* QHNavigationPushAnimation.m in Sources */,
				11C33599214E0C10009D3CE1 /* QHCategoriesViewController.m in Sources */,
				11DED605217051F800B832C2 /* CAAnimation+Blocks.m in Sources */,
				114C2AD2214904A300F71482 /* V2RootViewController.m in Sources */,
				113444762148F545001D3046 /* main.m in Sources */,
				11DED60821705A8B00B832C2 /* QHSubMenuSectionView.m in Sources */,
				11C33594214D3B7F009D3CE1 /* QHSettingManager.m in Sources */,
				11C3359C214E0C2B009D3CE1 /* QHTopicViewController.m in Sources */,
				11DB38CB216DF97200E63924 /* UIImage+Tint.m in Sources */,
				11DB38D5216F1D0E00E63924 /* QHMenuView.m in Sources */,
				11DED601217051B200B832C2 /* SCAnimationView.m in Sources */,
				113444682148F539001D3046 /* AppDelegate.m in Sources */,
				11DED60B21705C2400B832C2 /* QHSubMenuSectionCell.m in Sources */,
				11C33583214D2C51009D3CE1 /* QHNavigationItem.m in Sources */,
			);
			runOnlyForDeploymentPostprocessing = 0;
		};
/* End PBXSourcesBuildPhase section */

/* Begin XCBuildConfiguration section */
		113444772148F545001D3046 /* Debug */ = {
			isa = XCBuildConfiguration;
			buildSettings = {
				ALWAYS_SEARCH_USER_PATHS = NO;
				CLANG_ANALYZER_NONNULL = YES;
				CLANG_ANALYZER_NUMBER_OBJECT_CONVERSION = YES_AGGRESSIVE;
				CLANG_CXX_LANGUAGE_STANDARD = "gnu++14";
				CLANG_CXX_LIBRARY = "libc++";
				CLANG_ENABLE_MODULES = YES;
				CLANG_ENABLE_OBJC_ARC = YES;
				CLANG_ENABLE_OBJC_WEAK = YES;
				CLANG_WARN_BLOCK_CAPTURE_AUTORELEASING = YES;
				CLANG_WARN_BOOL_CONVERSION = YES;
				CLANG_WARN_COMMA = YES;
				CLANG_WARN_CONSTANT_CONVERSION = YES;
				CLANG_WARN_DEPRECATED_OBJC_IMPLEMENTATIONS = YES;
				CLANG_WARN_DIRECT_OBJC_ISA_USAGE = YES_ERROR;
				CLANG_WARN_DOCUMENTATION_COMMENTS = YES;
				CLANG_WARN_EMPTY_BODY = YES;
				CLANG_WARN_ENUM_CONVERSION = YES;
				CLANG_WARN_INFINITE_RECURSION = YES;
				CLANG_WARN_INT_CONVERSION = YES;
				CLANG_WARN_NON_LITERAL_NULL_CONVERSION = YES;
				CLANG_WARN_OBJC_IMPLICIT_RETAIN_SELF = YES;
				CLANG_WARN_OBJC_LITERAL_CONVERSION = YES;
				CLANG_WARN_OBJC_ROOT_CLASS = YES_ERROR;
				CLANG_WARN_RANGE_LOOP_ANALYSIS = YES;
				CLANG_WARN_STRICT_PROTOTYPES = YES;
				CLANG_WARN_SUSPICIOUS_MOVE = YES;
				CLANG_WARN_UNGUARDED_AVAILABILITY = YES_AGGRESSIVE;
				CLANG_WARN_UNREACHABLE_CODE = YES;
				CLANG_WARN__DUPLICATE_METHOD_MATCH = YES;
				CODE_SIGN_IDENTITY = "iPhone Developer";
				COPY_PHASE_STRIP = NO;
				DEBUG_INFORMATION_FORMAT = dwarf;
				ENABLE_STRICT_OBJC_MSGSEND = YES;
				ENABLE_TESTABILITY = YES;
				GCC_C_LANGUAGE_STANDARD = gnu11;
				GCC_DYNAMIC_NO_PIC = NO;
				GCC_NO_COMMON_BLOCKS = YES;
				GCC_OPTIMIZATION_LEVEL = 0;
				GCC_PREPROCESSOR_DEFINITIONS = (
					"DEBUG=1",
					"$(inherited)",
				);
				GCC_WARN_64_TO_32_BIT_CONVERSION = YES;
				GCC_WARN_ABOUT_RETURN_TYPE = YES_ERROR;
				GCC_WARN_UNDECLARED_SELECTOR = YES;
				GCC_WARN_UNINITIALIZED_AUTOS = YES_AGGRESSIVE;
				GCC_WARN_UNUSED_FUNCTION = YES;
				GCC_WARN_UNUSED_VARIABLE = YES;
				IPHONEOS_DEPLOYMENT_TARGET = 11.4;
				MTL_ENABLE_DEBUG_INFO = YES;
				ONLY_ACTIVE_ARCH = YES;
				SDKROOT = iphoneos;
			};
			name = Debug;
		};
		113444782148F545001D3046 /* Release */ = {
			isa = XCBuildConfiguration;
			buildSettings = {
				ALWAYS_SEARCH_USER_PATHS = NO;
				CLANG_ANALYZER_NONNULL = YES;
				CLANG_ANALYZER_NUMBER_OBJECT_CONVERSION = YES_AGGRESSIVE;
				CLANG_CXX_LANGUAGE_STANDARD = "gnu++14";
				CLANG_CXX_LIBRARY = "libc++";
				CLANG_ENABLE_MODULES = YES;
				CLANG_ENABLE_OBJC_ARC = YES;
				CLANG_ENABLE_OBJC_WEAK = YES;
				CLANG_WARN_BLOCK_CAPTURE_AUTORELEASING = YES;
				CLANG_WARN_BOOL_CONVERSION = YES;
				CLANG_WARN_COMMA = YES;
				CLANG_WARN_CONSTANT_CONVERSION = YES;
				CLANG_WARN_DEPRECATED_OBJC_IMPLEMENTATIONS = YES;
				CLANG_WARN_DIRECT_OBJC_ISA_USAGE = YES_ERROR;
				CLANG_WARN_DOCUMENTATION_COMMENTS = YES;
				CLANG_WARN_EMPTY_BODY = YES;
				CLANG_WARN_ENUM_CONVERSION = YES;
				CLANG_WARN_INFINITE_RECURSION = YES;
				CLANG_WARN_INT_CONVERSION = YES;
				CLANG_WARN_NON_LITERAL_NULL_CONVERSION = YES;
				CLANG_WARN_OBJC_IMPLICIT_RETAIN_SELF = YES;
				CLANG_WARN_OBJC_LITERAL_CONVERSION = YES;
				CLANG_WARN_OBJC_ROOT_CLASS = YES_ERROR;
				CLANG_WARN_RANGE_LOOP_ANALYSIS = YES;
				CLANG_WARN_STRICT_PROTOTYPES = YES;
				CLANG_WARN_SUSPICIOUS_MOVE = YES;
				CLANG_WARN_UNGUARDED_AVAILABILITY = YES_AGGRESSIVE;
				CLANG_WARN_UNREACHABLE_CODE = YES;
				CLANG_WARN__DUPLICATE_METHOD_MATCH = YES;
				CODE_SIGN_IDENTITY = "iPhone Developer";
				COPY_PHASE_STRIP = NO;
				DEBUG_INFORMATION_FORMAT = "dwarf-with-dsym";
				ENABLE_NS_ASSERTIONS = NO;
				ENABLE_STRICT_OBJC_MSGSEND = YES;
				GCC_C_LANGUAGE_STANDARD = gnu11;
				GCC_NO_COMMON_BLOCKS = YES;
				GCC_WARN_64_TO_32_BIT_CONVERSION = YES;
				GCC_WARN_ABOUT_RETURN_TYPE = YES_ERROR;
				GCC_WARN_UNDECLARED_SELECTOR = YES;
				GCC_WARN_UNINITIALIZED_AUTOS = YES_AGGRESSIVE;
				GCC_WARN_UNUSED_FUNCTION = YES;
				GCC_WARN_UNUSED_VARIABLE = YES;
				IPHONEOS_DEPLOYMENT_TARGET = 11.4;
				MTL_ENABLE_DEBUG_INFO = NO;
				SDKROOT = iphoneos;
				VALIDATE_PRODUCT = YES;
			};
			name = Release;
		};
		1134447A2148F545001D3046 /* Debug */ = {
			isa = XCBuildConfiguration;
			baseConfigurationReference = 7BEFEFCDBDD025EEB72EEF59 /* Pods-v2exnew.debug.xcconfig */;
			buildSettings = {
				ASSETCATALOG_COMPILER_APPICON_NAME = AppIcon;
				CODE_SIGN_STYLE = Manual;
				DEVELOPMENT_TEAM = "";
				GCC_PRECOMPILE_PREFIX_HEADER = YES;
				GCC_PREFIX_HEADER = "v2exnew/v2ex-new-Prefix.pch";
				HEADER_SEARCH_PATHS = (
					"$(inherited)",
					"\"${PODS_ROOT}/Headers/Public/BlocksKit\"",
					"\"${PODS_ROOT}/Headers/Public/FrameAccessor\"",
				);
				INFOPLIST_FILE = v2exnew/Info.plist;
				LD_RUNPATH_SEARCH_PATHS = (
					"$(inherited)",
					"@executable_path/Frameworks",
				);
				PRODUCT_BUNDLE_IDENTIFIER = sysu.pqh.v2exnew;
				PRODUCT_NAME = "$(TARGET_NAME)";
				PROVISIONING_PROFILE_SPECIFIER = "";
				TARGETED_DEVICE_FAMILY = "1,2";
			};
			name = Debug;
		};
		1134447B2148F545001D3046 /* Release */ = {
			isa = XCBuildConfiguration;
			baseConfigurationReference = 8ADA0D8BE6493C90151FC7D5 /* Pods-v2exnew.release.xcconfig */;
			buildSettings = {
				ASSETCATALOG_COMPILER_APPICON_NAME = AppIcon;
				CODE_SIGN_STYLE = Manual;
				DEVELOPMENT_TEAM = "";
				GCC_PRECOMPILE_PREFIX_HEADER = YES;
				GCC_PREFIX_HEADER = "v2exnew/v2ex-new-Prefix.pch";
				HEADER_SEARCH_PATHS = (
					"$(inherited)",
					"\"${PODS_ROOT}/Headers/Public/BlocksKit\"",
					"\"${PODS_ROOT}/Headers/Public/FrameAccessor\"",
				);
				INFOPLIST_FILE = v2exnew/Info.plist;
				LD_RUNPATH_SEARCH_PATHS = (
					"$(inherited)",
					"@executable_path/Frameworks",
				);
				PRODUCT_BUNDLE_IDENTIFIER = sysu.pqh.v2exnew;
				PRODUCT_NAME = "$(TARGET_NAME)";
				PROVISIONING_PROFILE_SPECIFIER = "";
				TARGETED_DEVICE_FAMILY = "1,2";
			};
			name = Release;
		};
/* End XCBuildConfiguration section */

/* Begin XCConfigurationList section */
		1134445E2148F539001D3046 /* Build configuration list for PBXProject "v2exnew" */ = {
			isa = XCConfigurationList;
			buildConfigurations = (
				113444772148F545001D3046 /* Debug */,
				113444782148F545001D3046 /* Release */,
			);
			defaultConfigurationIsVisible = 0;
			defaultConfigurationName = Release;
		};
		113444792148F545001D3046 /* Build configuration list for PBXNativeTarget "v2exnew" */ = {
			isa = XCConfigurationList;
			buildConfigurations = (
				1134447A2148F545001D3046 /* Debug */,
				1134447B2148F545001D3046 /* Release */,
			);
			defaultConfigurationIsVisible = 0;
			defaultConfigurationName = Release;
		};
/* End XCConfigurationList section */
	};
	rootObject = 1134445B2148F539001D3046 /* Project object */;
}
